
Microsoft Visual Studio Solution File, Format Version 12.00
# Visual Studio 15
VisualStudioVersion = 15.0.27428.2043
MinimumVisualStudioVersion = 10.0.40219.1
Project("{FAE04EC0-301F-11D3-BF4B-00C04F79EFBC}") = "Breakfast.Web", "Breakfast\Breakfast.Web.csproj", "{F29DE2F7-7368-4AC6-A91C-C9521F5BA6B2}"
EndProject
Project("{FAE04EC0-301F-11D3-BF4B-00C04F79EFBC}") = "Breakfast.Web.Tests", "Breakfast.Web.Tests\Breakfast.Web.Tests.csproj", "{B84C1EA4-CE86-4F38-A17E-4F0432711FC4}"
EndProject
Project("{FAE04EC0-301F-11D3-BF4B-00C04F79EFBC}") = "Breakfast.Data", "Breakfast.Data\Breakfast.Data.csproj", "{AFD174B3-A374-44B8-A2AE-7A5E3038C246}"
EndProject
Project("{FAE04EC0-301F-11D3-BF4B-00C04F79EFBC}") = "Repositories", "Repositories\Repositories.csproj", "{98A79B7C-DF01-4B80-AEE5-0AE953DA452F}"
EndProject
Project("{FAE04EC0-301F-11D3-BF4B-00C04F79EFBC}") = "RepositoryInterfaces", "RepositoryInterfaces\RepositoryInterfaces.csproj", "{B9084486-8828-428B-8630-E06330BF36DC}"
EndProject
Global
	GlobalSection(SolutionConfigurationPlatforms) = preSolution
		Debug|Any CPU = Debug|Any CPU
		Release|Any CPU = Release|Any CPU
	EndGlobalSection
	GlobalSection(ProjectConfigurationPlatforms) = postSolution
		{F29DE2F7-7368-4AC6-A91C-C9521F5BA6B2}.Debug|Any CPU.ActiveCfg = Debug|Any CPU
		{F29DE2F7-7368-4AC6-A91C-C9521F5BA6B2}.Debug|Any CPU.Build.0 = Debug|Any CPU
		{F29DE2F7-7368-4AC6-A91C-C9521F5BA6B2}.Release|Any CPU.ActiveCfg = Release|Any CPU
		{F29DE2F7-7368-4AC6-A91C-C9521F5BA6B2}.Release|Any CPU.Build.0 = Release|Any CPU
		{B84C1EA4-CE86-4F38-A17E-4F0432711FC4}.Debug|Any CPU.ActiveCfg = Debug|Any CPU
		{B84C1EA4-CE86-4F38-A17E-4F0432711FC4}.Debug|Any CPU.Build.0 = Debug|Any CPU
		{B84C1EA4-CE86-4F38-A17E-4F0432711FC4}.Release|Any CPU.ActiveCfg = Release|Any CPU
		{B84C1EA4-CE86-4F38-A17E-4F0432711FC4}.Release|Any CPU.Build.0 = Release|Any CPU
		{AFD174B3-A374-44B8-A2AE-7A5E3038C246}.Debug|Any CPU.ActiveCfg = Debug|Any CPU
		{AFD174B3-A374-44B8-A2AE-7A5E3038C246}.Debug|Any CPU.Build.0 = Debug|Any CPU
		{AFD174B3-A374-44B8-A2AE-7A5E3038C246}.Release|Any CPU.ActiveCfg = Release|Any CPU
		{AFD174B3-A374-44B8-A2AE-7A5E3038C246}.Release|Any CPU.Build.0 = Release|Any CPU
		{98A79B7C-DF01-4B80-AEE5-0AE953DA452F}.Debug|Any CPU.ActiveCfg = Debug|Any CPU
		{98A79B7C-DF01-4B80-AEE5-0AE953DA452F}.Debug|Any CPU.Build.0 = Debug|Any CPU
		{98A79B7C-DF01-4B80-AEE5-0AE953DA452F}.Release|Any CPU.ActiveCfg = Release|Any CPU
		{98A79B7C-DF01-4B80-AEE5-0AE953DA452F}.Release|Any CPU.Build.0 = Release|Any CPU
		{B9084486-8828-428B-8630-E06330BF36DC}.Debug|Any CPU.ActiveCfg = Debug|Any CPU
		{B9084486-8828-428B-8630-E06330BF36DC}.Debug|Any CPU.Build.0 = Debug|Any CPU
		{B9084486-8828-428B-8630-E06330BF36DC}.Release|Any CPU.ActiveCfg = Release|Any CPU
		{B9084486-8828-428B-8630-E06330BF36DC}.Release|Any CPU.Build.0 = Release|Any CPU
	EndGlobalSection
	GlobalSection(SolutionProperties) = preSolution
		HideSolutionNode = FALSE
	EndGlobalSection
	GlobalSection(ExtensibilityGlobals) = postSolution
		SolutionGuid = {AADD758F-CD34-4834-99C4-A52BCCFA9600}
	EndGlobalSection
EndGlobal
